# THIS IS AN AUTOGENERATED FILE. DO NOT EDIT THIS FILE DIRECTLY.
# yarn lockfile v1


bluebird@^3.4.6:
  version "3.7.2"
  resolved "https://registry.yarnpkg.com/bluebird/-/bluebird-3.7.2.tgz#9f229c15be272454ffa973ace0dbee79a1b0c36f"
  integrity sha512-XpNj6GDQzdfW+r2Wnn7xiSAd7TM3jzkxGXBGTtWKuSXv1xUV+azxAm8jdWZN06QTQk+2N2XB9jRDkvbmQmcRtg==

serverless-secrets-plugin@^0.1.0:
  version "0.1.0"
  resolved "https://registry.yarnpkg.com/serverless-secrets-plugin/-/serverless-secrets-plugin-0.1.0.tgz#b2c941673b1c11639c8f737a1784c6adc9ff26de"
  integrity sha512-WSMA3qtF1U4Gb3xmbVmy+K68jhWhZaCW1Vx/L5xQijWrUVe1NjhCw1HDnvvyjN2Rqlfj/mOMUlaZ2Xz5psxL3A==
  dependencies:
    bluebird "^3.4.6"
